// !$*UTF8*$!
{
	archiveVersion = 1;
	classes = {
	};
	objectVersion = 48;
	objects = {

/* Begin PBXBuildFile section */
		C65005DE1FD0635F00EFD321 /* AppDelegate.swift in Sources */ = {isa = PBXBuildFile; fileRef = C65005DD1FD0635F00EFD321 /* AppDelegate.swift */; };
		C65005E01FD0635F00EFD321 /* SearchViewController.swift in Sources */ = {isa = PBXBuildFile; fileRef = C65005DF1FD0635F00EFD321 /* SearchViewController.swift */; };
		C65005E31FD0635F00EFD321 /* Main.storyboard in Resources */ = {isa = PBXBuildFile; fileRef = C65005E11FD0635F00EFD321 /* Main.storyboard */; };
		C65005E51FD0635F00EFD321 /* Assets.xcassets in Resources */ = {isa = PBXBuildFile; fileRef = C65005E41FD0635F00EFD321 /* Assets.xcassets */; };
		C65005F01FD06E7E00EFD321 /* SearchResult.swift in Sources */ = {isa = PBXBuildFile; fileRef = C65005EF1FD06E7E00EFD321 /* SearchResult.swift */; };
		C65005F21FD0A03E00EFD321 /* SearchResultCell.xib in Resources */ = {isa = PBXBuildFile; fileRef = C65005F11FD0A03E00EFD321 /* SearchResultCell.xib */; };
		C65005F41FD0A65B00EFD321 /* SearchResultCell.swift in Sources */ = {isa = PBXBuildFile; fileRef = C65005F31FD0A65B00EFD321 /* SearchResultCell.swift */; };
		C65005F61FD0A93400EFD321 /* NothingFoundCell.xib in Resources */ = {isa = PBXBuildFile; fileRef = C65005F51FD0A93400EFD321 /* NothingFoundCell.xib */; };
		C6592EF01FD1054D00D3C354 /* LoadingCell.xib in Resources */ = {isa = PBXBuildFile; fileRef = C6592EEF1FD1054D00D3C354 /* LoadingCell.xib */; };
		C6CC23491FD1B35E0010579C /* UIImageView+DownloadImage.swift in Sources */ = {isa = PBXBuildFile; fileRef = C6CC23481FD1B35E0010579C /* UIImageView+DownloadImage.swift */; };
/* End PBXBuildFile section */

/* Begin PBXFileReference section */
		C65005DA1FD0635F00EFD321 /* StoreSearch.app */ = {isa = PBXFileReference; explicitFileType = wrapper.application; includeInIndex = 0; path = StoreSearch.app; sourceTree = BUILT_PRODUCTS_DIR; };
		C65005DD1FD0635F00EFD321 /* AppDelegate.swift */ = {isa = PBXFileReference; lastKnownFileType = sourcecode.swift; path = AppDelegate.swift; sourceTree = "<group>"; };
		C65005DF1FD0635F00EFD321 /* SearchViewController.swift */ = {isa = PBXFileReference; lastKnownFileType = sourcecode.swift; path = SearchViewController.swift; sourceTree = "<group>"; };
		C65005E21FD0635F00EFD321 /* Base */ = {isa = PBXFileReference; lastKnownFileType = file.storyboard; name = Base; path = Base.lproj/Main.storyboard; sourceTree = "<group>"; };
		C65005E41FD0635F00EFD321 /* Assets.xcassets */ = {isa = PBXFileReference; lastKnownFileType = folder.assetcatalog; path = Assets.xcassets; sourceTree = "<group>"; };
		C65005E91FD0635F00EFD321 /* Info.plist */ = {isa = PBXFileReference; lastKnownFileType = text.plist.xml; path = Info.plist; sourceTree = "<group>"; };
		C65005EF1FD06E7E00EFD321 /* SearchResult.swift */ = {isa = PBXFileReference; lastKnownFileType = sourcecode.swift; path = SearchResult.swift; sourceTree = "<group>"; };
		C65005F11FD0A03E00EFD321 /* SearchResultCell.xib */ = {isa = PBXFileReference; lastKnownFileType = file.xib; path = SearchResultCell.xib; sourceTree = "<group>"; };
		C65005F31FD0A65B00EFD321 /* SearchResultCell.swift */ = {isa = PBXFileReference; lastKnownFileType = sourcecode.swift; path = SearchResultCell.swift; sourceTree = "<group>"; };
		C65005F51FD0A93400EFD321 /* NothingFoundCell.xib */ = {isa = PBXFileReference; lastKnownFileType = file.xib; path = NothingFoundCell.xib; sourceTree = "<group>"; };
		C6592EEF1FD1054D00D3C354 /* LoadingCell.xib */ = {isa = PBXFileReference; lastKnownFileType = file.xib; path = LoadingCell.xib; sourceTree = "<group>"; };
		C6CC23481FD1B35E0010579C /* UIImageView+DownloadImage.swift */ = {isa = PBXFileReference; lastKnownFileType = sourcecode.swift; path = "UIImageView+DownloadImage.swift"; sourceTree = "<group>"; };
/* End PBXFileReference section */

/* Begin PBXFrameworksBuildPhase section */
		C65005D71FD0635F00EFD321 /* Frameworks */ = {
			isa = PBXFrameworksBuildPhase;
			buildActionMask = 2147483647;
			files = (
			);
			runOnlyForDeploymentPostprocessing = 0;
		};
/* End PBXFrameworksBuildPhase section */

/* Begin PBXGroup section */
		C65005D11FD0635F00EFD321 = {
			isa = PBXGroup;
			children = (
				C65005DC1FD0635F00EFD321 /* StoreSearch */,
				C65005DB1FD0635F00EFD321 /* Products */,
			);
			sourceTree = "<group>";
		};
		C65005DB1FD0635F00EFD321 /* Products */ = {
			isa = PBXGroup;
			children = (
				C65005DA1FD0635F00EFD321 /* StoreSearch.app */,
			);
			name = Products;
			sourceTree = "<group>";
		};
		C65005DC1FD0635F00EFD321 /* StoreSearch */ = {
			isa = PBXGroup;
			children = (
				C65005DD1FD0635F00EFD321 /* AppDelegate.swift */,
				C65005DF1FD0635F00EFD321 /* SearchViewController.swift */,
				C65005E11FD0635F00EFD321 /* Main.storyboard */,
				C65005E41FD0635F00EFD321 /* Assets.xcassets */,
				C65005E91FD0635F00EFD321 /* Info.plist */,
				C65005EF1FD06E7E00EFD321 /* SearchResult.swift */,
				C65005F11FD0A03E00EFD321 /* SearchResultCell.xib */,
				C65005F31FD0A65B00EFD321 /* SearchResultCell.swift */,
				C65005F51FD0A93400EFD321 /* NothingFoundCell.xib */,
				C6592EEF1FD1054D00D3C354 /* LoadingCell.xib */,
				C6CC23481FD1B35E0010579C /* UIImageView+DownloadImage.swift */,
			);
			path = StoreSearch;
			sourceTree = "<group>";
		};
/* End PBXGroup section */

/* Begin PBXNativeTarget section */
		C65005D91FD0635F00EFD321 /* StoreSearch */ = {
			isa = PBXNativeTarget;
			buildConfigurationList = C65005EC1FD0635F00EFD321 /* Build configuration list for PBXNativeTarget "StoreSearch" */;
			buildPhases = (
				C65005D61FD0635F00EFD321 /* Sources */,
				C65005D71FD0635F00EFD321 /* Frameworks */,
				C65005D81FD0635F00EFD321 /* Resources */,
			);
			buildRules = (
			);
			dependencies = (
			);
			name = StoreSearch;
			productName = StoreSearch;
			productReference = C65005DA1FD0635F00EFD321 /* StoreSearch.app */;
			productType = "com.apple.product-type.application";
		};
/* End PBXNativeTarget section */

/* Begin PBXProject section */
		C65005D21FD0635F00EFD321 /* Project object */ = {
			isa = PBXProject;
			attributes = {
				LastSwiftUpdateCheck = 0910;
				LastUpgradeCheck = 0910;
				ORGANIZATIONNAME = jhzhou;
				TargetAttributes = {
					C65005D91FD0635F00EFD321 = {
						CreatedOnToolsVersion = 9.1;
						ProvisioningStyle = Automatic;
					};
				};
			};
			buildConfigurationList = C65005D51FD0635F00EFD321 /* Build configuration list for PBXProject "StoreSearch" */;
			compatibilityVersion = "Xcode 8.0";
			developmentRegion = en;
			hasScannedForEncodings = 0;
			knownRegions = (
				en,
				Base,
			);
			mainGroup = C65005D11FD0635F00EFD321;
			productRefGroup = C65005DB1FD0635F00EFD321 /* Products */;
			projectDirPath = "";
			projectRoot = "";
			targets = (
				C65005D91FD0635F00EFD321 /* StoreSearch */,
			);
		};
/* End PBXProject section */

/* Begin PBXResourcesBuildPhase section */
		C65005D81FD0635F00EFD321 /* Resources */ = {
			isa = PBXResourcesBuildPhase;
			buildActionMask = 2147483647;
			files = (
				C65005E51FD0635F00EFD321 /* Assets.xcassets in Resources */,
				C6592EF01FD1054D00D3C354 /* LoadingCell.xib in Resources */,
				C65005F21FD0A03E00EFD321 /* SearchResultCell.xib in Resources */,
				C65005F61FD0A93400EFD321 /* NothingFoundCell.xib in Resources */,
				C65005E31FD0635F00EFD321 /* Main.storyboard in Resources */,
			);
			runOnlyForDeploymentPostprocessing = 0;
		};
/* End PBXResourcesBuildPhase section */

/* Begin PBXSourcesBuildPhase section */
		C65005D61FD0635F00EFD321 /* Sources */ = {
			isa = PBXSourcesBuildPhase;
			buildActionMask = 2147483647;
			files = (
				C65005E01FD0635F00EFD321 /* SearchViewController.swift in Sources */,
				C65005F01FD06E7E00EFD321 /* SearchResult.swift in Sources */,
				C65005F41FD0A65B00EFD321 /* SearchResultCell.swift in Sources */,
				C65005DE1FD0635F00EFD321 /* AppDelegate.swift in Sources */,
				C6CC23491FD1B35E0010579C /* UIImageView+DownloadImage.swift in Sources */,
			);
			runOnlyForDeploymentPostprocessing = 0;
		};
/* End PBXSourcesBuildPhase section */

/* Begin PBXVariantGroup section */
		C65005E11FD0635F00EFD321 /* Main.storyboard */ = {
			isa = PBXVariantGroup;
			children = (
				C65005E21FD0635F00EFD321 /* Base */,
			);
			name = Main.storyboard;
			sourceTree = "<group>";
		};
/* End PBXVariantGroup section */

/* Begin XCBuildConfiguration section */
		C65005EA1FD0635F00EFD321 /* Debug */ = {
			isa = XCBuildConfiguration;
			buildSettings = {
				ALWAYS_SEARCH_USER_PATHS = NO;
				CLANG_ANALYZER_NONNULL = YES;
				CLANG_ANALYZER_NUMBER_OBJECT_CONVERSION = YES_AGGRESSIVE;
				CLANG_CXX_LANGUAGE_STANDARD = "gnu++14";
				CLANG_CXX_LIBRARY = "libc++";
				CLANG_ENABLE_MODULES = YES;
				CLANG_ENABLE_OBJC_ARC = YES;
				CLANG_WARN_BLOCK_CAPTURE_AUTORELEASING = YES;
				CLANG_WARN_BOOL_CONVERSION = YES;
				CLANG_WARN_COMMA = YES;
				CLANG_WARN_CONSTANT_CONVERSION = YES;
				CLANG_WARN_DIRECT_OBJC_ISA_USAGE = YES_ERROR;
				CLANG_WARN_DOCUMENTATION_COMMENTS = YES;
				CLANG_WARN_EMPTY_BODY = YES;
				CLANG_WARN_ENUM_CONVERSION = YES;
				CLANG_WARN_INFINITE_RECURSION = YES;
				CLANG_WARN_INT_CONVERSION = YES;
				CLANG_WARN_NON_LITERAL_NULL_CONVERSION = YES;
				CLANG_WARN_OBJC_LITERAL_CONVERSION = YES;
				CLANG_WARN_OBJC_ROOT_CLASS = YES_ERROR;
				CLANG_WARN_RANGE_LOOP_ANALYSIS = YES;
				CLANG_WARN_STRICT_PROTOTYPES = YES;
				CLANG_WARN_SUSPICIOUS_MOVE = YES;
				CLANG_WARN_UNGUARDED_AVAILABILITY = YES_AGGRESSIVE;
				CLANG_WARN_UNREACHABLE_CODE = YES;
				CLANG_WARN__DUPLICATE_METHOD_MATCH = YES;
				CODE_SIGN_IDENTITY = "iPhone Developer";
				COPY_PHASE_STRIP = NO;
				DEBUG_INFORMATION_FORMAT = dwarf;
				ENABLE_STRICT_OBJC_MSGSEND = YES;
				ENABLE_TESTABILITY = YES;
				GCC_C_LANGUAGE_STANDARD = gnu11;
				GCC_DYNAMIC_NO_PIC = NO;
				GCC_NO_COMMON_BLOCKS = YES;
				GCC_OPTIMIZATION_LEVEL = 0;
				GCC_PREPROCESSOR_DEFINITIONS = (
					"DEBUG=1",
					"$(inherited)",
				);
				GCC_WARN_64_TO_32_BIT_CONVERSION = YES;
				GCC_WARN_ABOUT_RETURN_TYPE = YES_ERROR;
				GCC_WARN_UNDECLARED_SELECTOR = YES;
				GCC_WARN_UNINITIALIZED_AUTOS = YES_AGGRESSIVE;
				GCC_WARN_UNUSED_FUNCTION = YES;
				GCC_WARN_UNUSED_VARIABLE = YES;
				IPHONEOS_DEPLOYMENT_TARGET = 11.1;
				MTL_ENABLE_DEBUG_INFO = YES;
				ONLY_ACTIVE_ARCH = YES;
				SDKROOT = iphoneos;
				SWIFT_ACTIVE_COMPILATION_CONDITIONS = DEBUG;
				SWIFT_OPTIMIZATION_LEVEL = "-Onone";
			};
			name = Debug;
		};
		C65005EB1FD0635F00EFD321 /* Release */ = {
			isa = XCBuildConfiguration;
			buildSettings = {
				ALWAYS_SEARCH_USER_PATHS = NO;
				CLANG_ANALYZER_NONNULL = YES;
				CLANG_ANALYZER_NUMBER_OBJECT_CONVERSION = YES_AGGRESSIVE;
				CLANG_CXX_LANGUAGE_STANDARD = "gnu++14";
				CLANG_CXX_LIBRARY = "libc++";
				CLANG_ENABLE_MODULES = YES;
				CLANG_ENABLE_OBJC_ARC = YES;
				CLANG_WARN_BLOCK_CAPTURE_AUTORELEASING = YES;
				CLANG_WARN_BOOL_CONVERSION = YES;
				CLANG_WARN_COMMA = YES;
				CLANG_WARN_CONSTANT_CONVERSION = YES;
				CLANG_WARN_DIRECT_OBJC_ISA_USAGE = YES_ERROR;
				CLANG_WARN_DOCUMENTATION_COMMENTS = YES;
				CLANG_WARN_EMPTY_BODY = YES;
				CLANG_WARN_ENUM_CONVERSION = YES;
				CLANG_WARN_INFINITE_RECURSION = YES;
				CLANG_WARN_INT_CONVERSION = YES;
				CLANG_WARN_NON_LITERAL_NULL_CONVERSION = YES;
				CLANG_WARN_OBJC_LITERAL_CONVERSION = YES;
				CLANG_WARN_OBJC_ROOT_CLASS = YES_ERROR;
				CLANG_WARN_RANGE_LOOP_ANALYSIS = YES;
				CLANG_WARN_STRICT_PROTOTYPES = YES;
				CLANG_WARN_SUSPICIOUS_MOVE = YES;
				CLANG_WARN_UNGUARDED_AVAILABILITY = YES_AGGRESSIVE;
				CLANG_WARN_UNREACHABLE_CODE = YES;
				CLANG_WARN__DUPLICATE_METHOD_MATCH = YES;
				CODE_SIGN_IDENTITY = "iPhone Developer";
				COPY_PHASE_STRIP = NO;
				DEBUG_INFORMATION_FORMAT = "dwarf-with-dsym";
				ENABLE_NS_ASSERTIONS = NO;
				ENABLE_STRICT_OBJC_MSGSEND = YES;
				GCC_C_LANGUAGE_STANDARD = gnu11;
				GCC_NO_COMMON_BLOCKS = YES;
				GCC_WARN_64_TO_32_BIT_CONVERSION = YES;
				GCC_WARN_ABOUT_RETURN_TYPE = YES_ERROR;
				GCC_WARN_UNDECLARED_SELECTOR = YES;
				GCC_WARN_UNINITIALIZED_AUTOS = YES_AGGRESSIVE;
				GCC_WARN_UNUSED_FUNCTION = YES;
				GCC_WARN_UNUSED_VARIABLE = YES;
				IPHONEOS_DEPLOYMENT_TARGET = 11.1;
				MTL_ENABLE_DEBUG_INFO = NO;
				SDKROOT = iphoneos;
				SWIFT_OPTIMIZATION_LEVEL = "-Owholemodule";
				VALIDATE_PRODUCT = YES;
			};
			name = Release;
		};
		C65005ED1FD0635F00EFD321 /* Debug */ = {
			isa = XCBuildConfiguration;
			buildSettings = {
				ASSETCATALOG_COMPILER_APPICON_NAME = AppIcon;
				CODE_SIGN_STYLE = Automatic;
				DEVELOPMENT_TEAM = 4X55H9LA54;
				INFOPLIST_FILE = StoreSearch/Info.plist;
				LD_RUNPATH_SEARCH_PATHS = "$(inherited) @executable_path/Frameworks";
				PRODUCT_BUNDLE_IDENTIFIER = com.jhzhou.StoreSearch;
				PRODUCT_NAME = "$(TARGET_NAME)";
				SWIFT_VERSION = 4.0;
				TARGETED_DEVICE_FAMILY = "1,2";
			};
			name = Debug;
		};
		C65005EE1FD0635F00EFD321 /* Release */ = {
			isa = XCBuildConfiguration;
			buildSettings = {
				ASSETCATALOG_COMPILER_APPICON_NAME = AppIcon;
				CODE_SIGN_STYLE = Automatic;
				DEVELOPMENT_TEAM = 4X55H9LA54;
				INFOPLIST_FILE = StoreSearch/Info.plist;
				LD_RUNPATH_SEARCH_PATHS = "$(inherited) @executable_path/Frameworks";
				PRODUCT_BUNDLE_IDENTIFIER = com.jhzhou.StoreSearch;
				PRODUCT_NAME = "$(TARGET_NAME)";
				SWIFT_VERSION = 4.0;
				TARGETED_DEVICE_FAMILY = "1,2";
			};
			name = Release;
		};
/* End XCBuildConfiguration section */

/* Begin XCConfigurationList section */
		C65005D51FD0635F00EFD321 /* Build configuration list for PBXProject "StoreSearch" */ = {
			isa = XCConfigurationList;
			buildConfigurations = (
				C65005EA1FD0635F00EFD321 /* Debug */,
				C65005EB1FD0635F00EFD321 /* Release */,
			);
			defaultConfigurationIsVisible = 0;
			defaultConfigurationName = Release;
		};
		C65005EC1FD0635F00EFD321 /* Build configuration list for PBXNativeTarget "StoreSearch" */ = {
			isa = XCConfigurationList;
			buildConfigurations = (
				C65005ED1FD0635F00EFD321 /* Debug */,
				C65005EE1FD0635F00EFD321 /* Release */,
			);
			defaultConfigurationIsVisible = 0;
			defaultConfigurationName = Release;
		};
/* End XCConfigurationList section */
	};
	rootObject = C65005D21FD0635F00EFD321 /* Project object */;
}
